// !$*UTF8*$!
{
	archiveVersion = 1;
	classes = {
	};
	objectVersion = 46;
	objects = {

/* Begin PBXBuildFile section */
		8C6E3F2E1BA80B0500A69D85 /* SpringAnimationViewController.swift in Sources */ = {isa = PBXBuildFile; fileRef = 8C6E3F2D1BA80B0500A69D85 /* SpringAnimationViewController.swift */; };
		8C6E3F301BA8415900A69D85 /* MKFluidView.swift in Sources */ = {isa = PBXBuildFile; fileRef = 8C6E3F2F1BA8415900A69D85 /* MKFluidView.swift */; };
		8CB0EE691BB0044500BF2C4C /* FluidVC.swift in Sources */ = {isa = PBXBuildFile; fileRef = 8CB0EE681BB0044500BF2C4C /* FluidVC.swift */; };
		8CEC49C51BA6A742002C26EE /* AppDelegate.swift in Sources */ = {isa = PBXBuildFile; fileRef = 8CEC49C41BA6A742002C26EE /* AppDelegate.swift */; };
		8CEC49C71BA6A742002C26EE /* ViewController.swift in Sources */ = {isa = PBXBuildFile; fileRef = 8CEC49C61BA6A742002C26EE /* ViewController.swift */; };
		8CEC49CA1BA6A742002C26EE /* Main.storyboard in Resources */ = {isa = PBXBuildFile; fileRef = 8CEC49C81BA6A742002C26EE /* Main.storyboard */; };
		8CEC49CC1BA6A742002C26EE /* Images.xcassets in Resources */ = {isa = PBXBuildFile; fileRef = 8CEC49CB1BA6A742002C26EE /* Images.xcassets */; };
		8CEC49CF1BA6A742002C26EE /* LaunchScreen.xib in Resources */ = {isa = PBXBuildFile; fileRef = 8CEC49CD1BA6A742002C26EE /* LaunchScreen.xib */; };
		8CEC49DB1BA6A743002C26EE /* AnimationTests.swift in Sources */ = {isa = PBXBuildFile; fileRef = 8CEC49DA1BA6A743002C26EE /* AnimationTests.swift */; };
		8CEC49E51BA6E4B1002C26EE /* LineAnimationViewController.swift in Sources */ = {isa = PBXBuildFile; fileRef = 8CEC49E41BA6E4B1002C26EE /* LineAnimationViewController.swift */; };
/* End PBXBuildFile section */

/* Begin PBXContainerItemProxy section */
		8CEC49D51BA6A743002C26EE /* PBXContainerItemProxy */ = {
			isa = PBXContainerItemProxy;
			containerPortal = 8CEC49B71BA6A742002C26EE /* Project object */;
			proxyType = 1;
			remoteGlobalIDString = 8CEC49BE1BA6A742002C26EE;
			remoteInfo = Animation;
		};
/* End PBXContainerItemProxy section */

/* Begin PBXFileReference section */
		8C6E3F2D1BA80B0500A69D85 /* SpringAnimationViewController.swift */ = {isa = PBXFileReference; fileEncoding = 4; lastKnownFileType = sourcecode.swift; path = SpringAnimationViewController.swift; sourceTree = "<group>"; };
		8C6E3F2F1BA8415900A69D85 /* MKFluidView.swift */ = {isa = PBXFileReference; fileEncoding = 4; lastKnownFileType = sourcecode.swift; path = MKFluidView.swift; sourceTree = "<group>"; };
		8CB0EE681BB0044500BF2C4C /* FluidVC.swift */ = {isa = PBXFileReference; fileEncoding = 4; lastKnownFileType = sourcecode.swift; path = FluidVC.swift; sourceTree = "<group>"; };
		8CEC49BF1BA6A742002C26EE /* Animation.app */ = {isa = PBXFileReference; explicitFileType = wrapper.application; includeInIndex = 0; path = Animation.app; sourceTree = BUILT_PRODUCTS_DIR; };
		8CEC49C31BA6A742002C26EE /* Info.plist */ = {isa = PBXFileReference; lastKnownFileType = text.plist.xml; path = Info.plist; sourceTree = "<group>"; };
		8CEC49C41BA6A742002C26EE /* AppDelegate.swift */ = {isa = PBXFileReference; lastKnownFileType = sourcecode.swift; path = AppDelegate.swift; sourceTree = "<group>"; };
		8CEC49C61BA6A742002C26EE /* ViewController.swift */ = {isa = PBXFileReference; lastKnownFileType = sourcecode.swift; path = ViewController.swift; sourceTree = "<group>"; };
		8CEC49C91BA6A742002C26EE /* Base */ = {isa = PBXFileReference; lastKnownFileType = file.storyboard; name = Base; path = Base.lproj/Main.storyboard; sourceTree = "<group>"; };
		8CEC49CB1BA6A742002C26EE /* Images.xcassets */ = {isa = PBXFileReference; lastKnownFileType = folder.assetcatalog; path = Images.xcassets; sourceTree = "<group>"; };
		8CEC49CE1BA6A742002C26EE /* Base */ = {isa = PBXFileReference; lastKnownFileType = file.xib; name = Base; path = Base.lproj/LaunchScreen.xib; sourceTree = "<group>"; };
		8CEC49D41BA6A743002C26EE /* AnimationTests.xctest */ = {isa = PBXFileReference; explicitFileType = wrapper.cfbundle; includeInIndex = 0; path = AnimationTests.xctest; sourceTree = BUILT_PRODUCTS_DIR; };
		8CEC49D91BA6A743002C26EE /* Info.plist */ = {isa = PBXFileReference; lastKnownFileType = text.plist.xml; path = Info.plist; sourceTree = "<group>"; };
		8CEC49DA1BA6A743002C26EE /* AnimationTests.swift */ = {isa = PBXFileReference; lastKnownFileType = sourcecode.swift; path = AnimationTests.swift; sourceTree = "<group>"; };
		8CEC49E41BA6E4B1002C26EE /* LineAnimationViewController.swift */ = {isa = PBXFileReference; fileEncoding = 4; lastKnownFileType = sourcecode.swift; path = LineAnimationViewController.swift; sourceTree = "<group>"; };
/* End PBXFileReference section */

/* Begin PBXFrameworksBuildPhase section */
		8CEC49BC1BA6A742002C26EE /* Frameworks */ = {
			isa = PBXFrameworksBuildPhase;
			buildActionMask = 2147483647;
			files = (
			);
			runOnlyForDeploymentPostprocessing = 0;
		};
		8CEC49D11BA6A743002C26EE /* Frameworks */ = {
			isa = PBXFrameworksBuildPhase;
			buildActionMask = 2147483647;
			files = (
			);
			runOnlyForDeploymentPostprocessing = 0;
		};
/* End PBXFrameworksBuildPhase section */

/* Begin PBXGroup section */
		8CEC49B61BA6A742002C26EE = {
			isa = PBXGroup;
			children = (
				8CEC49C11BA6A742002C26EE /* Animation */,
				8CEC49D71BA6A743002C26EE /* AnimationTests */,
				8CEC49C01BA6A742002C26EE /* Products */,
			);
			sourceTree = "<group>";
		};
		8CEC49C01BA6A742002C26EE /* Products */ = {
			isa = PBXGroup;
			children = (
				8CEC49BF1BA6A742002C26EE /* Animation.app */,
				8CEC49D41BA6A743002C26EE /* AnimationTests.xctest */,
			);
			name = Products;
			sourceTree = "<group>";
		};
		8CEC49C11BA6A742002C26EE /* Animation */ = {
			isa = PBXGroup;
			children = (
				8CEC49E41BA6E4B1002C26EE /* LineAnimationViewController.swift */,
				8C6E3F2D1BA80B0500A69D85 /* SpringAnimationViewController.swift */,
				8C6E3F2F1BA8415900A69D85 /* MKFluidView.swift */,
				8CEC49C41BA6A742002C26EE /* AppDelegate.swift */,
				8CEC49C61BA6A742002C26EE /* ViewController.swift */,
				8CB0EE681BB0044500BF2C4C /* FluidVC.swift */,
				8CEC49C81BA6A742002C26EE /* Main.storyboard */,
				8CEC49CB1BA6A742002C26EE /* Images.xcassets */,
				8CEC49CD1BA6A742002C26EE /* LaunchScreen.xib */,
				8CEC49C21BA6A742002C26EE /* Supporting Files */,
			);
			path = Animation;
			sourceTree = "<group>";
		};
		8CEC49C21BA6A742002C26EE /* Supporting Files */ = {
			isa = PBXGroup;
			children = (
				8CEC49C31BA6A742002C26EE /* Info.plist */,
			);
			name = "Supporting Files";
			sourceTree = "<group>";
		};
		8CEC49D71BA6A743002C26EE /* AnimationTests */ = {
			isa = PBXGroup;
			children = (
				8CEC49DA1BA6A743002C26EE /* AnimationTests.swift */,
				8CEC49D81BA6A743002C26EE /* Supporting Files */,
			);
			path = AnimationTests;
			sourceTree = "<group>";
		};
		8CEC49D81BA6A743002C26EE /* Supporting Files */ = {
			isa = PBXGroup;
			children = (
				8CEC49D91BA6A743002C26EE /* Info.plist */,
			);
			name = "Supporting Files";
			sourceTree = "<group>";
		};
/* End PBXGroup section */

/* Begin PBXNativeTarget section */
		8CEC49BE1BA6A742002C26EE /* Animation */ = {
			isa = PBXNativeTarget;
			buildConfigurationList = 8CEC49DE1BA6A743002C26EE /* Build configuration list for PBXNativeTarget "Animation" */;
			buildPhases = (
				8CEC49BB1BA6A742002C26EE /* Sources */,
				8CEC49BC1BA6A742002C26EE /* Frameworks */,
				8CEC49BD1BA6A742002C26EE /* Resources */,
			);
			buildRules = (
			);
			dependencies = (
			);
			name = Animation;
			productName = Animation;
			productReference = 8CEC49BF1BA6A742002C26EE /* Animation.app */;
			productType = "com.apple.product-type.application";
		};
		8CEC49D31BA6A743002C26EE /* AnimationTests */ = {
			isa = PBXNativeTarget;
			buildConfigurationList = 8CEC49E11BA6A743002C26EE /* Build configuration list for PBXNativeTarget "AnimationTests" */;
			buildPhases = (
				8CEC49D01BA6A743002C26EE /* Sources */,
				8CEC49D11BA6A743002C26EE /* Frameworks */,
				8CEC49D21BA6A743002C26EE /* Resources */,
			);
			buildRules = (
			);
			dependencies = (
				8CEC49D61BA6A743002C26EE /* PBXTargetDependency */,
			);
			name = AnimationTests;
			productName = AnimationTests;
			productReference = 8CEC49D41BA6A743002C26EE /* AnimationTests.xctest */;
			productType = "com.apple.product-type.bundle.unit-test";
		};
/* End PBXNativeTarget section */

/* Begin PBXProject section */
		8CEC49B71BA6A742002C26EE /* Project object */ = {
			isa = PBXProject;
			attributes = {
				LastUpgradeCheck = 0640;
				ORGANIZATIONNAME = innofied;
				TargetAttributes = {
					8CEC49BE1BA6A742002C26EE = {
						CreatedOnToolsVersion = 6.4;
					};
					8CEC49D31BA6A743002C26EE = {
						CreatedOnToolsVersion = 6.4;
						TestTargetID = 8CEC49BE1BA6A742002C26EE;
					};
				};
			};
			buildConfigurationList = 8CEC49BA1BA6A742002C26EE /* Build configuration list for PBXProject "Animation" */;
			compatibilityVersion = "Xcode 3.2";
			developmentRegion = English;
			hasScannedForEncodings = 0;
			knownRegions = (
				en,
				Base,
			);
			mainGroup = 8CEC49B61BA6A742002C26EE;
			productRefGroup = 8CEC49C01BA6A742002C26EE /* Products */;
			projectDirPath = "";
			projectRoot = "";
			targets = (
				8CEC49BE1BA6A742002C26EE /* Animation */,
				8CEC49D31BA6A743002C26EE /* AnimationTests */,
			);
		};
/* End PBXProject section */

/* Begin PBXResourcesBuildPhase section */
		8CEC49BD1BA6A742002C26EE /* Resources */ = {
			isa = PBXResourcesBuildPhase;
			buildActionMask = 2147483647;
			files = (
				8CEC49CA1BA6A742002C26EE /* Main.storyboard in Resources */,
				8CEC49CF1BA6A742002C26EE /* LaunchScreen.xib in Resources */,
				8CEC49CC1BA6A742002C26EE /* Images.xcassets in Resources */,
			);
			runOnlyForDeploymentPostprocessing = 0;
		};
		8CEC49D21BA6A743002C26EE /* Resources */ = {
			isa = PBXResourcesBuildPhase;
			buildActionMask = 2147483647;
			files = (
			);
			runOnlyForDeploymentPostprocessing = 0;
		};
/* End PBXResourcesBuildPhase section */

/* Begin PBXSourcesBuildPhase section */
		8CEC49BB1BA6A742002C26EE /* Sources */ = {
			isa = PBXSourcesBuildPhase;
			buildActionMask = 2147483647;
			files = (
				8C6E3F2E1BA80B0500A69D85 /* SpringAnimationViewController.swift in Sources */,
				8C6E3F301BA8415900A69D85 /* MKFluidView.swift in Sources */,
				8CEC49C71BA6A742002C26EE /* ViewController.swift in Sources */,
				8CEC49E51BA6E4B1002C26EE /* LineAnimationViewController.swift in Sources */,
				8CEC49C51BA6A742002C26EE /* AppDelegate.swift in Sources */,
				8CB0EE691BB0044500BF2C4C /* FluidVC.swift in Sources */,
			);
			runOnlyForDeploymentPostprocessing = 0;
		};
		8CEC49D01BA6A743002C26EE /* Sources */ = {
			isa = PBXSourcesBuildPhase;
			buildActionMask = 2147483647;
			files = (
				8CEC49DB1BA6A743002C26EE /* AnimationTests.swift in Sources */,
			);
			runOnlyForDeploymentPostprocessing = 0;
		};
/* End PBXSourcesBuildPhase section */

/* Begin PBXTargetDependency section */
		8CEC49D61BA6A743002C26EE /* PBXTargetDependency */ = {
			isa = PBXTargetDependency;
			target = 8CEC49BE1BA6A742002C26EE /* Animation */;
			targetProxy = 8CEC49D51BA6A743002C26EE /* PBXContainerItemProxy */;
		};
/* End PBXTargetDependency section */

/* Begin PBXVariantGroup section */
		8CEC49C81BA6A742002C26EE /* Main.storyboard */ = {
			isa = PBXVariantGroup;
			children = (
				8CEC49C91BA6A742002C26EE /* Base */,
			);
			name = Main.storyboard;
			sourceTree = "<group>";
		};
		8CEC49CD1BA6A742002C26EE /* LaunchScreen.xib */ = {
			isa = PBXVariantGroup;
			children = (
				8CEC49CE1BA6A742002C26EE /* Base */,
			);
			name = LaunchScreen.xib;
			sourceTree = "<group>";
		};
/* End PBXVariantGroup section */

/* Begin XCBuildConfiguration section */
		8CEC49DC1BA6A743002C26EE /* Debug */ = {
			isa = XCBuildConfiguration;
			buildSettings = {
				ALWAYS_SEARCH_USER_PATHS = NO;
				CLANG_CXX_LANGUAGE_STANDARD = "gnu++0x";
				CLANG_CXX_LIBRARY = "libc++";
				CLANG_ENABLE_MODULES = YES;
				CLANG_ENABLE_OBJC_ARC = YES;
				CLANG_WARN_BOOL_CONVERSION = YES;
				CLANG_WARN_CONSTANT_CONVERSION = YES;
				CLANG_WARN_DIRECT_OBJC_ISA_USAGE = YES_ERROR;
				CLANG_WARN_EMPTY_BODY = YES;
				CLANG_WARN_ENUM_CONVERSION = YES;
				CLANG_WARN_INT_CONVERSION = YES;
				CLANG_WARN_OBJC_ROOT_CLASS = YES_ERROR;
				CLANG_WARN_UNREACHABLE_CODE = YES;
				CLANG_WARN__DUPLICATE_METHOD_MATCH = YES;
				"CODE_SIGN_IDENTITY[sdk=iphoneos*]" = "iPhone Developer";
				COPY_PHASE_STRIP = NO;
				DEBUG_INFORMATION_FORMAT = "dwarf-with-dsym";
				ENABLE_STRICT_OBJC_MSGSEND = YES;
				GCC_C_LANGUAGE_STANDARD = gnu99;
				GCC_DYNAMIC_NO_PIC = NO;
				GCC_NO_COMMON_BLOCKS = YES;
				GCC_OPTIMIZATION_LEVEL = 0;
				GCC_PREPROCESSOR_DEFINITIONS = (
					"DEBUG=1",
					"$(inherited)",
				);
				GCC_SYMBOLS_PRIVATE_EXTERN = NO;
				GCC_WARN_64_TO_32_BIT_CONVERSION = YES;
				GCC_WARN_ABOUT_RETURN_TYPE = YES_ERROR;
				GCC_WARN_UNDECLARED_SELECTOR = YES;
				GCC_WARN_UNINITIALIZED_AUTOS = YES_AGGRESSIVE;
				GCC_WARN_UNUSED_FUNCTION = YES;
				GCC_WARN_UNUSED_VARIABLE = YES;
				IPHONEOS_DEPLOYMENT_TARGET = 8.4;
				MTL_ENABLE_DEBUG_INFO = YES;
				ONLY_ACTIVE_ARCH = YES;
				SDKROOT = iphoneos;
				SWIFT_OPTIMIZATION_LEVEL = "-Onone";
			};
			name = Debug;
		};
		8CEC49DD1BA6A743002C26EE /* Release */ = {
			isa = XCBuildConfiguration;
			buildSettings = {
				ALWAYS_SEARCH_USER_PATHS = NO;
				CLANG_CXX_LANGUAGE_STANDARD = "gnu++0x";
				CLANG_CXX_LIBRARY = "libc++";
				CLANG_ENABLE_MODULES = YES;
				CLANG_ENABLE_OBJC_ARC = YES;
				CLANG_WARN_BOOL_CONVERSION = YES;
				CLANG_WARN_CONSTANT_CONVERSION = YES;
				CLANG_WARN_DIRECT_OBJC_ISA_USAGE = YES_ERROR;
				CLANG_WARN_EMPTY_BODY = YES;
				CLANG_WARN_ENUM_CONVERSION = YES;
				CLANG_WARN_INT_CONVERSION = YES;
				CLANG_WARN_OBJC_ROOT_CLASS = YES_ERROR;
				CLANG_WARN_UNREACHABLE_CODE = YES;
				CLANG_WARN__DUPLICATE_METHOD_MATCH = YES;
				"CODE_SIGN_IDENTITY[sdk=iphoneos*]" = "iPhone Developer";
				COPY_PHASE_STRIP = NO;
				DEBUG_INFORMATION_FORMAT = "dwarf-with-dsym";
				ENABLE_NS_ASSERTIONS = NO;
				ENABLE_STRICT_OBJC_MSGSEND = YES;
				GCC_C_LANGUAGE_STANDARD = gnu99;
				GCC_NO_COMMON_BLOCKS = YES;
				GCC_WARN_64_TO_32_BIT_CONVERSION = YES;
				GCC_WARN_ABOUT_RETURN_TYPE = YES_ERROR;
				GCC_WARN_UNDECLARED_SELECTOR = YES;
				GCC_WARN_UNINITIALIZED_AUTOS = YES_AGGRESSIVE;
				GCC_WARN_UNUSED_FUNCTION = YES;
				GCC_WARN_UNUSED_VARIABLE = YES;
				IPHONEOS_DEPLOYMENT_TARGET = 8.4;
				MTL_ENABLE_DEBUG_INFO = NO;
				SDKROOT = iphoneos;
				VALIDATE_PRODUCT = YES;
			};
			name = Release;
		};
		8CEC49DF1BA6A743002C26EE /* Debug */ = {
			isa = XCBuildConfiguration;
			buildSettings = {
				ASSETCATALOG_COMPILER_APPICON_NAME = AppIcon;
				INFOPLIST_FILE = Animation/Info.plist;
				LD_RUNPATH_SEARCH_PATHS = "$(inherited) @executable_path/Frameworks";
				PRODUCT_NAME = "$(TARGET_NAME)";
			};
			name = Debug;
		};
		8CEC49E01BA6A743002C26EE /* Release */ = {
			isa = XCBuildConfiguration;
			buildSettings = {
				ASSETCATALOG_COMPILER_APPICON_NAME = AppIcon;
				INFOPLIST_FILE = Animation/Info.plist;
				LD_RUNPATH_SEARCH_PATHS = "$(inherited) @executable_path/Frameworks";
				PRODUCT_NAME = "$(TARGET_NAME)";
			};
			name = Release;
		};
		8CEC49E21BA6A743002C26EE /* Debug */ = {
			isa = XCBuildConfiguration;
			buildSettings = {
				BUNDLE_LOADER = "$(TEST_HOST)";
				FRAMEWORK_SEARCH_PATHS = (
					"$(SDKROOT)/Developer/Library/Frameworks",
					"$(inherited)",
				);
				GCC_PREPROCESSOR_DEFINITIONS = (
					"DEBUG=1",
					"$(inherited)",
				);
				INFOPLIST_FILE = AnimationTests/Info.plist;
				LD_RUNPATH_SEARCH_PATHS = "$(inherited) @executable_path/Frameworks @loader_path/Frameworks";
				PRODUCT_NAME = "$(TARGET_NAME)";
				TEST_HOST = "$(BUILT_PRODUCTS_DIR)/Animation.app/Animation";
			};
			name = Debug;
		};
		8CEC49E31BA6A743002C26EE /* Release */ = {
			isa = XCBuildConfiguration;
			buildSettings = {
				BUNDLE_LOADER = "$(TEST_HOST)";
				FRAMEWORK_SEARCH_PATHS = (
					"$(SDKROOT)/Developer/Library/Frameworks",
					"$(inherited)",
				);
				INFOPLIST_FILE = AnimationTests/Info.plist;
				LD_RUNPATH_SEARCH_PATHS = "$(inherited) @executable_path/Frameworks @loader_path/Frameworks";
				PRODUCT_NAME = "$(TARGET_NAME)";
				TEST_HOST = "$(BUILT_PRODUCTS_DIR)/Animation.app/Animation";
			};
			name = Release;
		};
/* End XCBuildConfiguration section */

/* Begin XCConfigurationList section */
		8CEC49BA1BA6A742002C26EE /* Build configuration list for PBXProject "Animation" */ = {
			isa = XCConfigurationList;
			buildConfigurations = (
				8CEC49DC1BA6A743002C26EE /* Debug */,
				8CEC49DD1BA6A743002C26EE /* Release */,
			);
			defaultConfigurationIsVisible = 0;
			defaultConfigurationName = Release;
		};
		8CEC49DE1BA6A743002C26EE /* Build configuration list for PBXNativeTarget "Animation" */ = {
			isa = XCConfigurationList;
			buildConfigurations = (
				8CEC49DF1BA6A743002C26EE /* Debug */,
				8CEC49E01BA6A743002C26EE /* Release */,
			);
			defaultConfigurationIsVisible = 0;
			defaultConfigurationName = Release;
		};
		8CEC49E11BA6A743002C26EE /* Build configuration list for PBXNativeTarget "AnimationTests" */ = {
			isa = XCConfigurationList;
			buildConfigurations = (
				8CEC49E21BA6A743002C26EE /* Debug */,
				8CEC49E31BA6A743002C26EE /* Release */,
			);
			defaultConfigurationIsVisible = 0;
			defaultConfigurationName = Release;
		};
/* End XCConfigurationList section */
	};
	rootObject = 8CEC49B71BA6A742002C26EE /* Project object */;
}
